github.com/maargenton/go-errors v0.0.0-20200720205202-f0b27f4dc001 h1:CJl2t7ctpW6mmkPjTinkMaZO/z2wccC3HeTufaFAlYk=
github.com/maargenton/go-errors v0.0.0-20200720205202-f0b27f4dc001/go.mod h1:qw42L2So9gQZM8ZrnBoBc4deYTaL89dyE+2wuNGELMg=
github.com/maargenton/go-testpredicate v0.4.4 h1:ylbH2Ht4FNOAeFeE9c+PtbUVyrI4QlqxB1DkjZqrscA=
github.com/maargenton/go-testpredicate v0.4.4/go.mod h1:sn267JpJ65uvLQ7VtYzPLvXQiw0tHHw+KbCFzxRPOww=
github.com/pmezard/go-difflib v1.0.0 h1:4DBwDE0NGyQoBHbLQYPwSUPoCMWR5BEzIk/f1lZbAQM=
github.com/pmezard/go-difflib v1.0.0/go.mod h1:iKH77koFhYxTK1pcRnkKkqfTogsbg7gZNVY4sRDYZ/4=
